
Microsoft Visual Studio Solution File, Format Version 12.00
# Visual Studio Version 17
VisualStudioVersion = 17.1.32328.378
MinimumVisualStudioVersion = 10.0.40219.1
Project("{9A19103F-16F7-4668-BE54-9A1E7A4F7556}") = "fgciams", "fgciams\fgciams.csproj", "{369961CE-4A0C-4CE2-9D8D-AB45310D2F5D}"
EndProject
Project("{9A19103F-16F7-4668-BE54-9A1E7A4F7556}") = "fgciams.domain", "fgciams.domain\fgciams.domain.csproj", "{168DF783-5A40-4961-B6BF-A807C86C571C}"
EndProject
Project("{9A19103F-16F7-4668-BE54-9A1E7A4F7556}") = "fgciams.service", "fgciams.service\fgciams.service.csproj", "{0326902E-B5E2-4ECE-97A0-F62CD4836B33}"
EndProject
Global
	GlobalSection(SolutionConfigurationPlatforms) = preSolution
		Debug|Any CPU = Debug|Any CPU
		Release|Any CPU = Release|Any CPU
	EndGlobalSection
	GlobalSection(ProjectConfigurationPlatforms) = postSolution
		{369961CE-4A0C-4CE2-9D8D-AB45310D2F5D}.Debug|Any CPU.ActiveCfg = Debug|Any CPU
		{369961CE-4A0C-4CE2-9D8D-AB45310D2F5D}.Debug|Any CPU.Build.0 = Debug|Any CPU
		{369961CE-4A0C-4CE2-9D8D-AB45310D2F5D}.Release|Any CPU.ActiveCfg = Release|Any CPU
		{369961CE-4A0C-4CE2-9D8D-AB45310D2F5D}.Release|Any CPU.Build.0 = Release|Any CPU
		{168DF783-5A40-4961-B6BF-A807C86C571C}.Debug|Any CPU.ActiveCfg = Debug|Any CPU
		{168DF783-5A40-4961-B6BF-A807C86C571C}.Debug|Any CPU.Build.0 = Debug|Any CPU
		{168DF783-5A40-4961-B6BF-A807C86C571C}.Release|Any CPU.ActiveCfg = Release|Any CPU
		{168DF783-5A40-4961-B6BF-A807C86C571C}.Release|Any CPU.Build.0 = Release|Any CPU
		{0326902E-B5E2-4ECE-97A0-F62CD4836B33}.Debug|Any CPU.ActiveCfg = Debug|Any CPU
		{0326902E-B5E2-4ECE-97A0-F62CD4836B33}.Debug|Any CPU.Build.0 = Debug|Any CPU
		{0326902E-B5E2-4ECE-97A0-F62CD4836B33}.Release|Any CPU.ActiveCfg = Release|Any CPU
		{0326902E-B5E2-4ECE-97A0-F62CD4836B33}.Release|Any CPU.Build.0 = Release|Any CPU
	EndGlobalSection
	GlobalSection(SolutionProperties) = preSolution
		HideSolutionNode = FALSE
	EndGlobalSection
	GlobalSection(ExtensibilityGlobals) = postSolution
		SolutionGuid = {9D263651-CFDD-47F9-940E-B7FA66228F3F}
	EndGlobalSection
EndGlobal
